
Microsoft Visual Studio Solution File, Format Version 12.00
# Visual Studio Version 17
VisualStudioVersion = 17.0.31611.283
MinimumVisualStudioVersion = 10.0.40219.1
Project("{9A19103F-16F7-4668-BE54-9A1E7A4F7556}") = "m01FirstApp", "m01FirstApp\m01FirstApp.csproj", "{A8FEE06D-C559-4DF8-9DEC-EB42BBD5AFDD}"
EndProject
Project("{9A19103F-16F7-4668-BE54-9A1E7A4F7556}") = "m02Controls", "m02Controls\m02Controls.csproj", "{2CC14928-5FF8-49A1-813F-36C6E0938A4D}"
EndProject
Project("{9A19103F-16F7-4668-BE54-9A1E7A4F7556}") = "m03resources", "m03resources\m03resources.csproj", "{C13A215A-A5CE-4E68-8565-8CB1492D6D90}"
EndProject
Project("{9A19103F-16F7-4668-BE54-9A1E7A4F7556}") = "m04binding", "m04binding\m04binding.csproj", "{814015E3-221D-472B-A481-02E109D42887}"
EndProject
Project("{9A19103F-16F7-4668-BE54-9A1E7A4F7556}") = "m05mvvm", "m05mvvm\m05mvvm.csproj", "{4E117A29-E5BF-4B91-820A-456990F9792C}"
EndProject
Project("{FAE04EC0-301F-11D3-BF4B-00C04F79EFBC}") = "m06command", "m06command\m06command.csproj", "{034715C1-7BB5-4468-8946-CE16D892A23B}"
EndProject
Global
	GlobalSection(SolutionConfigurationPlatforms) = preSolution
		Debug|Any CPU = Debug|Any CPU
		Release|Any CPU = Release|Any CPU
	EndGlobalSection
	GlobalSection(ProjectConfigurationPlatforms) = postSolution
		{A8FEE06D-C559-4DF8-9DEC-EB42BBD5AFDD}.Debug|Any CPU.ActiveCfg = Debug|Any CPU
		{A8FEE06D-C559-4DF8-9DEC-EB42BBD5AFDD}.Debug|Any CPU.Build.0 = Debug|Any CPU
		{A8FEE06D-C559-4DF8-9DEC-EB42BBD5AFDD}.Debug|Any CPU.Deploy.0 = Debug|Any CPU
		{A8FEE06D-C559-4DF8-9DEC-EB42BBD5AFDD}.Release|Any CPU.ActiveCfg = Release|Any CPU
		{A8FEE06D-C559-4DF8-9DEC-EB42BBD5AFDD}.Release|Any CPU.Build.0 = Release|Any CPU
		{A8FEE06D-C559-4DF8-9DEC-EB42BBD5AFDD}.Release|Any CPU.Deploy.0 = Release|Any CPU
		{2CC14928-5FF8-49A1-813F-36C6E0938A4D}.Debug|Any CPU.ActiveCfg = Debug|Any CPU
		{2CC14928-5FF8-49A1-813F-36C6E0938A4D}.Debug|Any CPU.Build.0 = Debug|Any CPU
		{2CC14928-5FF8-49A1-813F-36C6E0938A4D}.Debug|Any CPU.Deploy.0 = Debug|Any CPU
		{2CC14928-5FF8-49A1-813F-36C6E0938A4D}.Release|Any CPU.ActiveCfg = Release|Any CPU
		{2CC14928-5FF8-49A1-813F-36C6E0938A4D}.Release|Any CPU.Build.0 = Release|Any CPU
		{2CC14928-5FF8-49A1-813F-36C6E0938A4D}.Release|Any CPU.Deploy.0 = Release|Any CPU
		{C13A215A-A5CE-4E68-8565-8CB1492D6D90}.Debug|Any CPU.ActiveCfg = Debug|Any CPU
		{C13A215A-A5CE-4E68-8565-8CB1492D6D90}.Debug|Any CPU.Build.0 = Debug|Any CPU
		{C13A215A-A5CE-4E68-8565-8CB1492D6D90}.Debug|Any CPU.Deploy.0 = Debug|Any CPU
		{C13A215A-A5CE-4E68-8565-8CB1492D6D90}.Release|Any CPU.ActiveCfg = Release|Any CPU
		{C13A215A-A5CE-4E68-8565-8CB1492D6D90}.Release|Any CPU.Build.0 = Release|Any CPU
		{C13A215A-A5CE-4E68-8565-8CB1492D6D90}.Release|Any CPU.Deploy.0 = Release|Any CPU
		{814015E3-221D-472B-A481-02E109D42887}.Debug|Any CPU.ActiveCfg = Debug|Any CPU
		{814015E3-221D-472B-A481-02E109D42887}.Debug|Any CPU.Build.0 = Debug|Any CPU
		{814015E3-221D-472B-A481-02E109D42887}.Debug|Any CPU.Deploy.0 = Debug|Any CPU
		{814015E3-221D-472B-A481-02E109D42887}.Release|Any CPU.ActiveCfg = Release|Any CPU
		{814015E3-221D-472B-A481-02E109D42887}.Release|Any CPU.Build.0 = Release|Any CPU
		{814015E3-221D-472B-A481-02E109D42887}.Release|Any CPU.Deploy.0 = Release|Any CPU
		{4E117A29-E5BF-4B91-820A-456990F9792C}.Debug|Any CPU.ActiveCfg = Debug|Any CPU
		{4E117A29-E5BF-4B91-820A-456990F9792C}.Debug|Any CPU.Build.0 = Debug|Any CPU
		{4E117A29-E5BF-4B91-820A-456990F9792C}.Debug|Any CPU.Deploy.0 = Debug|Any CPU
		{4E117A29-E5BF-4B91-820A-456990F9792C}.Release|Any CPU.ActiveCfg = Release|Any CPU
		{4E117A29-E5BF-4B91-820A-456990F9792C}.Release|Any CPU.Build.0 = Release|Any CPU
		{4E117A29-E5BF-4B91-820A-456990F9792C}.Release|Any CPU.Deploy.0 = Release|Any CPU
		{034715C1-7BB5-4468-8946-CE16D892A23B}.Debug|Any CPU.ActiveCfg = Debug|Any CPU
		{034715C1-7BB5-4468-8946-CE16D892A23B}.Debug|Any CPU.Build.0 = Debug|Any CPU
		{034715C1-7BB5-4468-8946-CE16D892A23B}.Debug|Any CPU.Deploy.0 = Debug|Any CPU
		{034715C1-7BB5-4468-8946-CE16D892A23B}.Release|Any CPU.ActiveCfg = Release|Any CPU
		{034715C1-7BB5-4468-8946-CE16D892A23B}.Release|Any CPU.Build.0 = Release|Any CPU
		{034715C1-7BB5-4468-8946-CE16D892A23B}.Release|Any CPU.Deploy.0 = Release|Any CPU
	EndGlobalSection
	GlobalSection(SolutionProperties) = preSolution
		HideSolutionNode = FALSE
	EndGlobalSection
	GlobalSection(ExtensibilityGlobals) = postSolution
		SolutionGuid = {61F7FB11-1E47-470C-91E2-47F8143E1572}
	EndGlobalSection
EndGlobal
